
Microsoft Visual Studio Solution File, Format Version 12.00
# Visual Studio Version 16
VisualStudioVersion = 16.0.30804.86
MinimumVisualStudioVersion = 10.0.40219.1
Project("{FAE04EC0-301F-11D3-BF4B-00C04F79EFBC}") = "MyGame-Odev5", "MyGame-Odev5\MyGame-Odev5.csproj", "{17B01DF2-690B-490F-A062-F10ECB53A6B2}"
EndProject
Global
	GlobalSection(SolutionConfigurationPlatforms) = preSolution
		Debug|Any CPU = Debug|Any CPU
		Release|Any CPU = Release|Any CPU
	EndGlobalSection
	GlobalSection(ProjectConfigurationPlatforms) = postSolution
		{17B01DF2-690B-490F-A062-F10ECB53A6B2}.Debug|Any CPU.ActiveCfg = Debug|Any CPU
		{17B01DF2-690B-490F-A062-F10ECB53A6B2}.Debug|Any CPU.Build.0 = Debug|Any CPU
		{17B01DF2-690B-490F-A062-F10ECB53A6B2}.Release|Any CPU.ActiveCfg = Release|Any CPU
		{17B01DF2-690B-490F-A062-F10ECB53A6B2}.Release|Any CPU.Build.0 = Release|Any CPU
	EndGlobalSection
	GlobalSection(SolutionProperties) = preSolution
		HideSolutionNode = FALSE
	EndGlobalSection
	GlobalSection(ExtensibilityGlobals) = postSolution
		SolutionGuid = {94BC722A-740E-40CE-B4E3-503F166124B0}
	EndGlobalSection
EndGlobal
